
Microsoft Visual Studio Solution File, Format Version 12.00
# Visual Studio Version 16
VisualStudioVersion = 16.0.32228.343
MinimumVisualStudioVersion = 10.0.40219.1
Project("{FAE04EC0-301F-11D3-BF4B-00C04F79EFBC}") = "Json", "Json\Json.csproj", "{295DA8B4-4108-43EF-B93F-1456BB19675E}"
EndProject
Global
	GlobalSection(SolutionConfigurationPlatforms) = preSolution
		Debug|Any CPU = Debug|Any CPU
		Release|Any CPU = Release|Any CPU
	EndGlobalSection
	GlobalSection(ProjectConfigurationPlatforms) = postSolution
		{295DA8B4-4108-43EF-B93F-1456BB19675E}.Debug|Any CPU.ActiveCfg = Debug|Any CPU
		{295DA8B4-4108-43EF-B93F-1456BB19675E}.Debug|Any CPU.Build.0 = Debug|Any CPU
		{295DA8B4-4108-43EF-B93F-1456BB19675E}.Release|Any CPU.ActiveCfg = Release|Any CPU
		{295DA8B4-4108-43EF-B93F-1456BB19675E}.Release|Any CPU.Build.0 = Release|Any CPU
	EndGlobalSection
	GlobalSection(SolutionProperties) = preSolution
		HideSolutionNode = FALSE
	EndGlobalSection
	GlobalSection(ExtensibilityGlobals) = postSolution
		SolutionGuid = {14204100-317B-444E-BBF6-F877D71584BF}
	EndGlobalSection
EndGlobal
